// !$*UTF8*$!
{
	archiveVersion = 1;
	classes = {
	};
	objectVersion = 56;
	objects = {

/* Begin PBXBuildFile section */
		1D0FA9722CB5C9F6008A26F0 /* NetworkingManager.swift in Sources */ = {isa = PBXBuildFile; fileRef = 1D0FA9712CB5C9F6008A26F0 /* NetworkingManager.swift */; };
		1D0FA9752CB5CAC4008A26F0 /* KeychainAccess in Frameworks */ = {isa = PBXBuildFile; productRef = 1D0FA9742CB5CAC4008A26F0 /* KeychainAccess */; };
		1D0FA9772CB5CE60008A26F0 /* SettingsView.swift in Sources */ = {isa = PBXBuildFile; fileRef = 1D0FA9762CB5CE60008A26F0 /* SettingsView.swift */; };
		1D35C2BB2CA4A5E5004B371A /* ToDoAppApp.swift in Sources */ = {isa = PBXBuildFile; fileRef = 1D35C2BA2CA4A5E5004B371A /* ToDoAppApp.swift */; };
		1D35C2BD2CA4A5E5004B371A /* ContentView.swift in Sources */ = {isa = PBXBuildFile; fileRef = 1D35C2BC2CA4A5E5004B371A /* ContentView.swift */; };
		1D35C2BF2CA4A5E6004B371A /* Assets.xcassets in Resources */ = {isa = PBXBuildFile; fileRef = 1D35C2BE2CA4A5E6004B371A /* Assets.xcassets */; };
		1D35C2C22CA4A5E6004B371A /* Preview Assets.xcassets in Resources */ = {isa = PBXBuildFile; fileRef = 1D35C2C12CA4A5E6004B371A /* Preview Assets.xcassets */; };
		1D5035EB2CB3228300B8D70F /* TodoListView.swift in Sources */ = {isa = PBXBuildFile; fileRef = 1D5035EA2CB3228300B8D70F /* TodoListView.swift */; };
		1D5035EE2CB3229800B8D70F /* Todo.swift in Sources */ = {isa = PBXBuildFile; fileRef = 1D5035ED2CB3229800B8D70F /* Todo.swift */; };
		1D5035F02CB323B100B8D70F /* RegisterView.swift in Sources */ = {isa = PBXBuildFile; fileRef = 1D5035EF2CB323B100B8D70F /* RegisterView.swift */; };
		1D5035F22CB3240400B8D70F /* LoginView.swift in Sources */ = {isa = PBXBuildFile; fileRef = 1D5035F12CB3240400B8D70F /* LoginView.swift */; };
		1D5035F42CB324A100B8D70F /* TodoCreateView.swift in Sources */ = {isa = PBXBuildFile; fileRef = 1D5035F32CB324A100B8D70F /* TodoCreateView.swift */; };
		1D5035F62CB324B800B8D70F /* TodoEditView.swift in Sources */ = {isa = PBXBuildFile; fileRef = 1D5035F52CB324B800B8D70F /* TodoEditView.swift */; };
/* End PBXBuildFile section */

/* Begin PBXFileReference section */
		1D0FA9712CB5C9F6008A26F0 /* NetworkingManager.swift */ = {isa = PBXFileReference; lastKnownFileType = sourcecode.swift; path = NetworkingManager.swift; sourceTree = "<group>"; };
		1D0FA9762CB5CE60008A26F0 /* SettingsView.swift */ = {isa = PBXFileReference; lastKnownFileType = sourcecode.swift; path = SettingsView.swift; sourceTree = "<group>"; };
		1D35C2B72CA4A5E5004B371A /* ToDoApp.app */ = {isa = PBXFileReference; explicitFileType = wrapper.application; includeInIndex = 0; path = ToDoApp.app; sourceTree = BUILT_PRODUCTS_DIR; };
		1D35C2BA2CA4A5E5004B371A /* ToDoAppApp.swift */ = {isa = PBXFileReference; lastKnownFileType = sourcecode.swift; path = ToDoAppApp.swift; sourceTree = "<group>"; };
		1D35C2BC2CA4A5E5004B371A /* ContentView.swift */ = {isa = PBXFileReference; lastKnownFileType = sourcecode.swift; path = ContentView.swift; sourceTree = "<group>"; };
		1D35C2BE2CA4A5E6004B371A /* Assets.xcassets */ = {isa = PBXFileReference; lastKnownFileType = folder.assetcatalog; path = Assets.xcassets; sourceTree = "<group>"; };
		1D35C2C12CA4A5E6004B371A /* Preview Assets.xcassets */ = {isa = PBXFileReference; lastKnownFileType = folder.assetcatalog; path = "Preview Assets.xcassets"; sourceTree = "<group>"; };
		1D5035EA2CB3228300B8D70F /* TodoListView.swift */ = {isa = PBXFileReference; lastKnownFileType = sourcecode.swift; path = TodoListView.swift; sourceTree = "<group>"; };
		1D5035ED2CB3229800B8D70F /* Todo.swift */ = {isa = PBXFileReference; lastKnownFileType = sourcecode.swift; path = Todo.swift; sourceTree = "<group>"; };
		1D5035EF2CB323B100B8D70F /* RegisterView.swift */ = {isa = PBXFileReference; lastKnownFileType = sourcecode.swift; path = RegisterView.swift; sourceTree = "<group>"; };
		1D5035F12CB3240400B8D70F /* LoginView.swift */ = {isa = PBXFileReference; lastKnownFileType = sourcecode.swift; path = LoginView.swift; sourceTree = "<group>"; };
		1D5035F32CB324A100B8D70F /* TodoCreateView.swift */ = {isa = PBXFileReference; lastKnownFileType = sourcecode.swift; path = TodoCreateView.swift; sourceTree = "<group>"; };
		1D5035F52CB324B800B8D70F /* TodoEditView.swift */ = {isa = PBXFileReference; lastKnownFileType = sourcecode.swift; path = TodoEditView.swift; sourceTree = "<group>"; };
/* End PBXFileReference section */

/* Begin PBXFrameworksBuildPhase section */
		1D35C2B42CA4A5E5004B371A /* Frameworks */ = {
			isa = PBXFrameworksBuildPhase;
			buildActionMask = 2147483647;
			files = (
				1D0FA9752CB5CAC4008A26F0 /* KeychainAccess in Frameworks */,
			);
			runOnlyForDeploymentPostprocessing = 0;
		};
/* End PBXFrameworksBuildPhase section */

/* Begin PBXGroup section */
		1D35C2AE2CA4A5E5004B371A = {
			isa = PBXGroup;
			children = (
				1D35C2B92CA4A5E5004B371A /* ToDoApp */,
				1D35C2B82CA4A5E5004B371A /* Products */,
			);
			sourceTree = "<group>";
		};
		1D35C2B82CA4A5E5004B371A /* Products */ = {
			isa = PBXGroup;
			children = (
				1D35C2B72CA4A5E5004B371A /* ToDoApp.app */,
			);
			name = Products;
			sourceTree = "<group>";
		};
		1D35C2B92CA4A5E5004B371A /* ToDoApp */ = {
			isa = PBXGroup;
			children = (
				1D5035EC2CB3228C00B8D70F /* Model */,
				1D5035E92CB3225F00B8D70F /* ViewModel */,
				1D5035E82CB3225B00B8D70F /* View */,
				1D35C2BA2CA4A5E5004B371A /* ToDoAppApp.swift */,
				1D35C2BC2CA4A5E5004B371A /* ContentView.swift */,
				1D35C2BE2CA4A5E6004B371A /* Assets.xcassets */,
				1D35C2C02CA4A5E6004B371A /* Preview Content */,
				1D0FA9712CB5C9F6008A26F0 /* NetworkingManager.swift */,
			);
			path = ToDoApp;
			sourceTree = "<group>";
		};
		1D35C2C02CA4A5E6004B371A /* Preview Content */ = {
			isa = PBXGroup;
			children = (
				1D35C2C12CA4A5E6004B371A /* Preview Assets.xcassets */,
			);
			path = "Preview Content";
			sourceTree = "<group>";
		};
		1D5035E82CB3225B00B8D70F /* View */ = {
			isa = PBXGroup;
			children = (
				1D5035EA2CB3228300B8D70F /* TodoListView.swift */,
				1D5035EF2CB323B100B8D70F /* RegisterView.swift */,
				1D5035F12CB3240400B8D70F /* LoginView.swift */,
				1D5035F32CB324A100B8D70F /* TodoCreateView.swift */,
				1D5035F52CB324B800B8D70F /* TodoEditView.swift */,
				1D0FA9762CB5CE60008A26F0 /* SettingsView.swift */,
			);
			path = View;
			sourceTree = "<group>";
		};
		1D5035E92CB3225F00B8D70F /* ViewModel */ = {
			isa = PBXGroup;
			children = (
			);
			path = ViewModel;
			sourceTree = "<group>";
		};
		1D5035EC2CB3228C00B8D70F /* Model */ = {
			isa = PBXGroup;
			children = (
				1D5035ED2CB3229800B8D70F /* Todo.swift */,
			);
			path = Model;
			sourceTree = "<group>";
		};
/* End PBXGroup section */

/* Begin PBXNativeTarget section */
		1D35C2B62CA4A5E5004B371A /* ToDoApp */ = {
			isa = PBXNativeTarget;
			buildConfigurationList = 1D35C2C52CA4A5E6004B371A /* Build configuration list for PBXNativeTarget "ToDoApp" */;
			buildPhases = (
				1D35C2B32CA4A5E5004B371A /* Sources */,
				1D35C2B42CA4A5E5004B371A /* Frameworks */,
				1D35C2B52CA4A5E5004B371A /* Resources */,
			);
			buildRules = (
			);
			dependencies = (
			);
			name = ToDoApp;
			packageProductDependencies = (
				1D0FA9742CB5CAC4008A26F0 /* KeychainAccess */,
			);
			productName = ToDoApp;
			productReference = 1D35C2B72CA4A5E5004B371A /* ToDoApp.app */;
			productType = "com.apple.product-type.application";
		};
/* End PBXNativeTarget section */

/* Begin PBXProject section */
		1D35C2AF2CA4A5E5004B371A /* Project object */ = {
			isa = PBXProject;
			attributes = {
				BuildIndependentTargetsInParallel = 1;
				LastSwiftUpdateCheck = 1540;
				LastUpgradeCheck = 1540;
				TargetAttributes = {
					1D35C2B62CA4A5E5004B371A = {
						CreatedOnToolsVersion = 15.4;
					};
				};
			};
			buildConfigurationList = 1D35C2B22CA4A5E5004B371A /* Build configuration list for PBXProject "ToDoApp" */;
			compatibilityVersion = "Xcode 14.0";
			developmentRegion = en;
			hasScannedForEncodings = 0;
			knownRegions = (
				en,
				Base,
			);
			mainGroup = 1D35C2AE2CA4A5E5004B371A;
			packageReferences = (
				1D0FA9732CB5CAC4008A26F0 /* XCRemoteSwiftPackageReference "KeychainAccess" */,
			);
			productRefGroup = 1D35C2B82CA4A5E5004B371A /* Products */;
			projectDirPath = "";
			projectRoot = "";
			targets = (
				1D35C2B62CA4A5E5004B371A /* ToDoApp */,
			);
		};
/* End PBXProject section */

/* Begin PBXResourcesBuildPhase section */
		1D35C2B52CA4A5E5004B371A /* Resources */ = {
			isa = PBXResourcesBuildPhase;
			buildActionMask = 2147483647;
			files = (
				1D35C2C22CA4A5E6004B371A /* Preview Assets.xcassets in Resources */,
				1D35C2BF2CA4A5E6004B371A /* Assets.xcassets in Resources */,
			);
			runOnlyForDeploymentPostprocessing = 0;
		};
/* End PBXResourcesBuildPhase section */

/* Begin PBXSourcesBuildPhase section */
		1D35C2B32CA4A5E5004B371A /* Sources */ = {
			isa = PBXSourcesBuildPhase;
			buildActionMask = 2147483647;
			files = (
				1D5035F22CB3240400B8D70F /* LoginView.swift in Sources */,
				1D5035F42CB324A100B8D70F /* TodoCreateView.swift in Sources */,
				1D35C2BD2CA4A5E5004B371A /* ContentView.swift in Sources */,
				1D5035F02CB323B100B8D70F /* RegisterView.swift in Sources */,
				1D5035F62CB324B800B8D70F /* TodoEditView.swift in Sources */,
				1D0FA9772CB5CE60008A26F0 /* SettingsView.swift in Sources */,
				1D35C2BB2CA4A5E5004B371A /* ToDoAppApp.swift in Sources */,
				1D0FA9722CB5C9F6008A26F0 /* NetworkingManager.swift in Sources */,
				1D5035EB2CB3228300B8D70F /* TodoListView.swift in Sources */,
				1D5035EE2CB3229800B8D70F /* Todo.swift in Sources */,
			);
			runOnlyForDeploymentPostprocessing = 0;
		};
/* End PBXSourcesBuildPhase section */

/* Begin XCBuildConfiguration section */
		1D35C2C32CA4A5E6004B371A /* Debug */ = {
			isa = XCBuildConfiguration;
			buildSettings = {
				ALWAYS_SEARCH_USER_PATHS = NO;
				ASSETCATALOG_COMPILER_GENERATE_SWIFT_ASSET_SYMBOL_EXTENSIONS = YES;
				CLANG_ANALYZER_NONNULL = YES;
				CLANG_ANALYZER_NUMBER_OBJECT_CONVERSION = YES_AGGRESSIVE;
				CLANG_CXX_LANGUAGE_STANDARD = "gnu++20";
				CLANG_ENABLE_MODULES = YES;
				CLANG_ENABLE_OBJC_ARC = YES;
				CLANG_ENABLE_OBJC_WEAK = YES;
				CLANG_WARN_BLOCK_CAPTURE_AUTORELEASING = YES;
				CLANG_WARN_BOOL_CONVERSION = YES;
				CLANG_WARN_COMMA = YES;
				CLANG_WARN_CONSTANT_CONVERSION = YES;
				CLANG_WARN_DEPRECATED_OBJC_IMPLEMENTATIONS = YES;
				CLANG_WARN_DIRECT_OBJC_ISA_USAGE = YES_ERROR;
				CLANG_WARN_DOCUMENTATION_COMMENTS = YES;
				CLANG_WARN_EMPTY_BODY = YES;
				CLANG_WARN_ENUM_CONVERSION = YES;
				CLANG_WARN_INFINITE_RECURSION = YES;
				CLANG_WARN_INT_CONVERSION = YES;
				CLANG_WARN_NON_LITERAL_NULL_CONVERSION = YES;
				CLANG_WARN_OBJC_IMPLICIT_RETAIN_SELF = YES;
				CLANG_WARN_OBJC_LITERAL_CONVERSION = YES;
				CLANG_WARN_OBJC_ROOT_CLASS = YES_ERROR;
				CLANG_WARN_QUOTED_INCLUDE_IN_FRAMEWORK_HEADER = YES;
				CLANG_WARN_RANGE_LOOP_ANALYSIS = YES;
				CLANG_WARN_STRICT_PROTOTYPES = YES;
				CLANG_WARN_SUSPICIOUS_MOVE = YES;
				CLANG_WARN_UNGUARDED_AVAILABILITY = YES_AGGRESSIVE;
				CLANG_WARN_UNREACHABLE_CODE = YES;
				CLANG_WARN__DUPLICATE_METHOD_MATCH = YES;
				COPY_PHASE_STRIP = NO;
				DEBUG_INFORMATION_FORMAT = dwarf;
				ENABLE_STRICT_OBJC_MSGSEND = YES;
				ENABLE_TESTABILITY = YES;
				ENABLE_USER_SCRIPT_SANDBOXING = YES;
				GCC_C_LANGUAGE_STANDARD = gnu17;
				GCC_DYNAMIC_NO_PIC = NO;
				GCC_NO_COMMON_BLOCKS = YES;
				GCC_OPTIMIZATION_LEVEL = 0;
				GCC_PREPROCESSOR_DEFINITIONS = (
					"DEBUG=1",
					"$(inherited)",
				);
				GCC_WARN_64_TO_32_BIT_CONVERSION = YES;
				GCC_WARN_ABOUT_RETURN_TYPE = YES_ERROR;
				GCC_WARN_UNDECLARED_SELECTOR = YES;
				GCC_WARN_UNINITIALIZED_AUTOS = YES_AGGRESSIVE;
				GCC_WARN_UNUSED_FUNCTION = YES;
				GCC_WARN_UNUSED_VARIABLE = YES;
				IPHONEOS_DEPLOYMENT_TARGET = 17.5;
				LOCALIZATION_PREFERS_STRING_CATALOGS = YES;
				MTL_ENABLE_DEBUG_INFO = INCLUDE_SOURCE;
				MTL_FAST_MATH = YES;
				ONLY_ACTIVE_ARCH = YES;
				SDKROOT = iphoneos;
				SWIFT_ACTIVE_COMPILATION_CONDITIONS = "DEBUG $(inherited)";
				SWIFT_OPTIMIZATION_LEVEL = "-Onone";
			};
			name = Debug;
		};
		1D35C2C42CA4A5E6004B371A /* Release */ = {
			isa = XCBuildConfiguration;
			buildSettings = {
				ALWAYS_SEARCH_USER_PATHS = NO;
				ASSETCATALOG_COMPILER_GENERATE_SWIFT_ASSET_SYMBOL_EXTENSIONS = YES;
				CLANG_ANALYZER_NONNULL = YES;
				CLANG_ANALYZER_NUMBER_OBJECT_CONVERSION = YES_AGGRESSIVE;
				CLANG_CXX_LANGUAGE_STANDARD = "gnu++20";
				CLANG_ENABLE_MODULES = YES;
				CLANG_ENABLE_OBJC_ARC = YES;
				CLANG_ENABLE_OBJC_WEAK = YES;
				CLANG_WARN_BLOCK_CAPTURE_AUTORELEASING = YES;
				CLANG_WARN_BOOL_CONVERSION = YES;
				CLANG_WARN_COMMA = YES;
				CLANG_WARN_CONSTANT_CONVERSION = YES;
				CLANG_WARN_DEPRECATED_OBJC_IMPLEMENTATIONS = YES;
				CLANG_WARN_DIRECT_OBJC_ISA_USAGE = YES_ERROR;
				CLANG_WARN_DOCUMENTATION_COMMENTS = YES;
				CLANG_WARN_EMPTY_BODY = YES;
				CLANG_WARN_ENUM_CONVERSION = YES;
				CLANG_WARN_INFINITE_RECURSION = YES;
				CLANG_WARN_INT_CONVERSION = YES;
				CLANG_WARN_NON_LITERAL_NULL_CONVERSION = YES;
				CLANG_WARN_OBJC_IMPLICIT_RETAIN_SELF = YES;
				CLANG_WARN_OBJC_LITERAL_CONVERSION = YES;
				CLANG_WARN_OBJC_ROOT_CLASS = YES_ERROR;
				CLANG_WARN_QUOTED_INCLUDE_IN_FRAMEWORK_HEADER = YES;
				CLANG_WARN_RANGE_LOOP_ANALYSIS = YES;
				CLANG_WARN_STRICT_PROTOTYPES = YES;
				CLANG_WARN_SUSPICIOUS_MOVE = YES;
				CLANG_WARN_UNGUARDED_AVAILABILITY = YES_AGGRESSIVE;
				CLANG_WARN_UNREACHABLE_CODE = YES;
				CLANG_WARN__DUPLICATE_METHOD_MATCH = YES;
				COPY_PHASE_STRIP = NO;
				DEBUG_INFORMATION_FORMAT = "dwarf-with-dsym";
				ENABLE_NS_ASSERTIONS = NO;
				ENABLE_STRICT_OBJC_MSGSEND = YES;
				ENABLE_USER_SCRIPT_SANDBOXING = YES;
				GCC_C_LANGUAGE_STANDARD = gnu17;
				GCC_NO_COMMON_BLOCKS = YES;
				GCC_WARN_64_TO_32_BIT_CONVERSION = YES;
				GCC_WARN_ABOUT_RETURN_TYPE = YES_ERROR;
				GCC_WARN_UNDECLARED_SELECTOR = YES;
				GCC_WARN_UNINITIALIZED_AUTOS = YES_AGGRESSIVE;
				GCC_WARN_UNUSED_FUNCTION = YES;
				GCC_WARN_UNUSED_VARIABLE = YES;
				IPHONEOS_DEPLOYMENT_TARGET = 17.5;
				LOCALIZATION_PREFERS_STRING_CATALOGS = YES;
				MTL_ENABLE_DEBUG_INFO = NO;
				MTL_FAST_MATH = YES;
				SDKROOT = iphoneos;
				SWIFT_COMPILATION_MODE = wholemodule;
				VALIDATE_PRODUCT = YES;
			};
			name = Release;
		};
		1D35C2C62CA4A5E6004B371A /* Debug */ = {
			isa = XCBuildConfiguration;
			buildSettings = {
				ASSETCATALOG_COMPILER_APPICON_NAME = AppIcon;
				ASSETCATALOG_COMPILER_GLOBAL_ACCENT_COLOR_NAME = AccentColor;
				CODE_SIGN_STYLE = Automatic;
				CURRENT_PROJECT_VERSION = 1;
				DEVELOPMENT_ASSET_PATHS = "\"ToDoApp/Preview Content\"";
				ENABLE_PREVIEWS = YES;
				GENERATE_INFOPLIST_FILE = YES;
				INFOPLIST_KEY_UIApplicationSceneManifest_Generation = YES;
				INFOPLIST_KEY_UIApplicationSupportsIndirectInputEvents = YES;
				INFOPLIST_KEY_UILaunchScreen_Generation = YES;
				INFOPLIST_KEY_UISupportedInterfaceOrientations = UIInterfaceOrientationPortrait;
				IPHONEOS_DEPLOYMENT_TARGET = 17.0;
				LD_RUNPATH_SEARCH_PATHS = (
					"$(inherited)",
					"@executable_path/Frameworks",
				);
				MARKETING_VERSION = 1.0;
				PRODUCT_BUNDLE_IDENTIFIER = vikas.ToDoApp;
				PRODUCT_NAME = "$(TARGET_NAME)";
				SWIFT_EMIT_LOC_STRINGS = YES;
				SWIFT_VERSION = 5.0;
				TARGETED_DEVICE_FAMILY = "1,2";
			};
			name = Debug;
		};
		1D35C2C72CA4A5E6004B371A /* Release */ = {
			isa = XCBuildConfiguration;
			buildSettings = {
				ASSETCATALOG_COMPILER_APPICON_NAME = AppIcon;
				ASSETCATALOG_COMPILER_GLOBAL_ACCENT_COLOR_NAME = AccentColor;
				CODE_SIGN_STYLE = Automatic;
				CURRENT_PROJECT_VERSION = 1;
				DEVELOPMENT_ASSET_PATHS = "\"ToDoApp/Preview Content\"";
				ENABLE_PREVIEWS = YES;
				GENERATE_INFOPLIST_FILE = YES;
				INFOPLIST_KEY_UIApplicationSceneManifest_Generation = YES;
				INFOPLIST_KEY_UIApplicationSupportsIndirectInputEvents = YES;
				INFOPLIST_KEY_UILaunchScreen_Generation = YES;
				INFOPLIST_KEY_UISupportedInterfaceOrientations = UIInterfaceOrientationPortrait;
				IPHONEOS_DEPLOYMENT_TARGET = 17.0;
				LD_RUNPATH_SEARCH_PATHS = (
					"$(inherited)",
					"@executable_path/Frameworks",
				);
				MARKETING_VERSION = 1.0;
				PRODUCT_BUNDLE_IDENTIFIER = vikas.ToDoApp;
				PRODUCT_NAME = "$(TARGET_NAME)";
				SWIFT_EMIT_LOC_STRINGS = YES;
				SWIFT_VERSION = 5.0;
				TARGETED_DEVICE_FAMILY = "1,2";
			};
			name = Release;
		};
/* End XCBuildConfiguration section */

/* Begin XCConfigurationList section */
		1D35C2B22CA4A5E5004B371A /* Build configuration list for PBXProject "ToDoApp" */ = {
			isa = XCConfigurationList;
			buildConfigurations = (
				1D35C2C32CA4A5E6004B371A /* Debug */,
				1D35C2C42CA4A5E6004B371A /* Release */,
			);
			defaultConfigurationIsVisible = 0;
			defaultConfigurationName = Release;
		};
		1D35C2C52CA4A5E6004B371A /* Build configuration list for PBXNativeTarget "ToDoApp" */ = {
			isa = XCConfigurationList;
			buildConfigurations = (
				1D35C2C62CA4A5E6004B371A /* Debug */,
				1D35C2C72CA4A5E6004B371A /* Release */,
			);
			defaultConfigurationIsVisible = 0;
			defaultConfigurationName = Release;
		};
/* End XCConfigurationList section */

/* Begin XCRemoteSwiftPackageReference section */
		1D0FA9732CB5CAC4008A26F0 /* XCRemoteSwiftPackageReference "KeychainAccess" */ = {
			isa = XCRemoteSwiftPackageReference;
			repositoryURL = "https://github.com/kishikawakatsumi/KeychainAccess";
			requirement = {
				branch = master;
				kind = branch;
			};
		};
/* End XCRemoteSwiftPackageReference section */

/* Begin XCSwiftPackageProductDependency section */
		1D0FA9742CB5CAC4008A26F0 /* KeychainAccess */ = {
			isa = XCSwiftPackageProductDependency;
			package = 1D0FA9732CB5CAC4008A26F0 /* XCRemoteSwiftPackageReference "KeychainAccess" */;
			productName = KeychainAccess;
		};
/* End XCSwiftPackageProductDependency section */
	};
	rootObject = 1D35C2AF2CA4A5E5004B371A /* Project object */;
}
